
Microsoft Visual Studio Solution File, Format Version 12.00
# Visual Studio Version 17
VisualStudioVersion = 17.11.35327.3
MinimumVisualStudioVersion = 10.0.40219.1
Project("{9A19103F-16F7-4668-BE54-9A1E7A4F7556}") = "Simulator", "Simulator\Simulator.csproj", "{A15DF63E-52A4-4B92-9BC7-6938904583D2}"
EndProject
Project("{FAE04EC0-301F-11D3-BF4B-00C04F79EFBC}") = "Runner", "Runner\Runner.csproj", "{97C28B9E-30A3-4DB7-B55E-950B4B43C4F6}"
EndProject
Project("{FAE04EC0-301F-11D3-BF4B-00C04F79EFBC}") = "TestSimulator", "TestSimulator\TestSimulator.csproj", "{FDFD31BF-FFBB-4356-9533-0CFEB51BFC23}"
EndProject
Project("{FAE04EC0-301F-11D3-BF4B-00C04F79EFBC}") = "SimConsole", "SimConsole\SimConsole.csproj", "{5093A2C6-8F23-461C-9838-E0912D02B55E}"
EndProject
Global
	GlobalSection(SolutionConfigurationPlatforms) = preSolution
		Debug|Any CPU = Debug|Any CPU
		Release|Any CPU = Release|Any CPU
	EndGlobalSection
	GlobalSection(ProjectConfigurationPlatforms) = postSolution
		{A15DF63E-52A4-4B92-9BC7-6938904583D2}.Debug|Any CPU.ActiveCfg = Debug|Any CPU
		{A15DF63E-52A4-4B92-9BC7-6938904583D2}.Debug|Any CPU.Build.0 = Debug|Any CPU
		{A15DF63E-52A4-4B92-9BC7-6938904583D2}.Release|Any CPU.ActiveCfg = Release|Any CPU
		{A15DF63E-52A4-4B92-9BC7-6938904583D2}.Release|Any CPU.Build.0 = Release|Any CPU
		{97C28B9E-30A3-4DB7-B55E-950B4B43C4F6}.Debug|Any CPU.ActiveCfg = Debug|Any CPU
		{97C28B9E-30A3-4DB7-B55E-950B4B43C4F6}.Debug|Any CPU.Build.0 = Debug|Any CPU
		{97C28B9E-30A3-4DB7-B55E-950B4B43C4F6}.Release|Any CPU.ActiveCfg = Release|Any CPU
		{97C28B9E-30A3-4DB7-B55E-950B4B43C4F6}.Release|Any CPU.Build.0 = Release|Any CPU
		{FDFD31BF-FFBB-4356-9533-0CFEB51BFC23}.Debug|Any CPU.ActiveCfg = Debug|Any CPU
		{FDFD31BF-FFBB-4356-9533-0CFEB51BFC23}.Debug|Any CPU.Build.0 = Debug|Any CPU
		{FDFD31BF-FFBB-4356-9533-0CFEB51BFC23}.Release|Any CPU.ActiveCfg = Release|Any CPU
		{FDFD31BF-FFBB-4356-9533-0CFEB51BFC23}.Release|Any CPU.Build.0 = Release|Any CPU
		{5093A2C6-8F23-461C-9838-E0912D02B55E}.Debug|Any CPU.ActiveCfg = Debug|Any CPU
		{5093A2C6-8F23-461C-9838-E0912D02B55E}.Debug|Any CPU.Build.0 = Debug|Any CPU
		{5093A2C6-8F23-461C-9838-E0912D02B55E}.Release|Any CPU.ActiveCfg = Release|Any CPU
		{5093A2C6-8F23-461C-9838-E0912D02B55E}.Release|Any CPU.Build.0 = Release|Any CPU
	EndGlobalSection
	GlobalSection(SolutionProperties) = preSolution
		HideSolutionNode = FALSE
	EndGlobalSection
	GlobalSection(ExtensibilityGlobals) = postSolution
		SolutionGuid = {F9B4104D-5457-40FB-B5D7-079EA0C46AA3}
	EndGlobalSection
EndGlobal
